<?xml version="1.0" encoding="utf-8"?>
<Project ToolsVersion="4.0" xmlns="http://schemas.microsoft.com/developer/msbuild/2003">
  <ItemGroup>
    <Filter Include="Code">
      <UniqueIdentifier>{baf86d00-e3b3-47e9-b862-2e4e78055c2d}</UniqueIdentifier>
    </Filter>
  </ItemGroup>
  <ItemGroup>
    <ClCompile Include="src\main.cpp">
      <Filter>Code</Filter>
    </ClCompile>
    <ClCompile Include="src\assets\Assets.cpp" />
    <ClCompile Include="src\app\DisplayManager.cpp" />
    <ClCompile Include="src\audio\AudioManager.cpp" />
    <ClCompile Include="src\audio\AudioBalance.cpp" />
    <ClCompile Include="src\campaign\CampaignSaveManager.cpp" />
	<ClCompile Include="src\records\RecordsManager.cpp" />
    <ClCompile Include="src\core\Collision.cpp" />
    <ClCompile Include="src\entities\Enemy.cpp" />
    <ClCompile Include="src\entities\Pickup.cpp" />
    <ClCompile Include="src\core\Entity.cpp" />
    <ClCompile Include="src\app\Application.cpp" />
    <ClCompile Include="src\gameplay\GameplaySession.cpp" />
    <ClCompile Include="src\gameplay\GameplayData.cpp" />
    <ClCompile Include="src\gameplay\Health.cpp" />
    <ClCompile Include="src\gameplay\Shield.cpp" />
    <ClCompile Include="src\gameplay\TutorialDirector.cpp" />
    <ClCompile Include="src\gameplay\WaveDirector.cpp" />
    <ClCompile Include="src\rendering\GameplayBackground.cpp" />
    <ClCompile Include="src\rendering\GameplayEffects.cpp" />
    <ClCompile Include="src\rendering\GameplayPostProcessor.cpp" />
    <ClCompile Include="src\rendering\ParticleSystem.cpp" />
    <ClCompile Include="src\states\CompanySplashState.cpp" />
    <ClCompile Include="src\states\CampaignMenuState.cpp" />
    <ClCompile Include="src\states\GameplayState.cpp" />
	<ClCompile Include="src\states\LevelSelectState.cpp" />
	<ClCompile Include="src\states\RecordsState.cpp" />
    <ClCompile Include="src\states\MainMenuState.cpp" />
    <ClCompile Include="src\states\OptionsState.cpp" />
    <ClCompile Include="src\states\PauseState.cpp" />
    <ClCompile Include="src\states\State.cpp" />
    <ClCompile Include="src\states\StateStack.cpp" />
    <ClCompile Include="src\input\InputBinding.cpp" />
    <ClCompile Include="src\entities\Meteor.cpp" />
	<ClCompile Include="src\entities\HomingMissile.cpp" />
	<ClCompile Include="src\entities\HelperBot.cpp" />
	<ClCompile Include="src\entities\MissileCarrier.cpp" />
	<ClCompile Include="src\entities\ReflectorGunship.cpp" />
    <ClCompile Include="src\entities\Player.cpp" />
    <ClCompile Include="src\utils\AppDataPath.cpp" />
    <ClCompile Include="src\utils\Random.cpp" />
    <ClCompile Include="src\utils\SafeFileWrite.cpp" />
    <ClCompile Include="src\core\World.cpp" />
    <ClCompile Include="src\entities\Saucer.cpp" />
	<ClCompile Include="src\entities\Spinner.cpp" />
    <ClCompile Include="src\entities\Shot.cpp" />
    <ClCompile Include="src\ui\HUD.cpp" />
    <ClCompile Include="src\ui\GlowingCursor.cpp" />
	<ClCompile Include="src\ui\LevelIntro.cpp" />
    <ClCompile Include="src\ui\MenuBackground.cpp" />
    <ClCompile Include="src\ui\MenuButton.cpp" />
    <ClCompile Include="src\ui\MenuIntroAnimation.cpp" />
    <ClCompile Include="src\ui\NeonGlow.cpp" />
    <ClCompile Include="src\ui\RoundedRectangleShape.cpp" />
    <ClCompile Include="src\ui\ScreenFade.cpp" />
    <ClCompile Include="src\ui\TextWarmup.cpp" />
    <ClCompile Include="src\ui\WaveIntro.cpp" />
    <ClCompile Include="src\ui\GameOverScreen.cpp" />
    <ClCompile Include="src\ui\ResultScreen.cpp" />
    <ClCompile Include="src\settings\SettingsManager.cpp" />
    <ClCompile Include="src\input\GamepadManager.cpp" />
  </ItemGroup>
  <ItemGroup>
    <ClInclude Include="src\utils\AppDataPath.h" />
    <ClInclude Include="src\utils\Random.h" />
    <ClInclude Include="src\utils\SafeFileWrite.h" />
    <ClInclude Include="src\audio\AudioManager.h" />
    <ClInclude Include="src\audio\AudioBalance.h" />
    <ClInclude Include="src\campaign\CampaignProgress.h" />
    <ClInclude Include="src\campaign\CampaignSaveManager.h" />
	<ClInclude Include="src\records\RecordsManager.h" />
    <ClInclude Include="src\app\DisplayManager.h" />
    <ClInclude Include="src\assets\AssetCache.h" />
    <ClInclude Include="src\core\Collision.h" />
    <ClInclude Include="src\input\InputBinding.h" />
    <ClInclude Include="src\input\ActionMap.h" />
    <ClInclude Include="src\input\InputHandler.h" />
    <ClInclude Include="src\input\GamepadManager.h" />
    <ClInclude Include="src\core\World.h" />
    <ClInclude Include="src\entities\Shot.h" />
    <ClInclude Include="src\entities\Saucer.h" />
	<ClInclude Include="src\entities\Spinner.h" />
    <ClInclude Include="src\entities\Enemy.h" />
    <ClInclude Include="src\entities\Pickup.h" />
    <ClInclude Include="src\core\Entity.h" />
    <ClInclude Include="src\entities\Meteor.h" />
	<ClInclude Include="src\entities\HomingMissile.h" />
	<ClInclude Include="src\entities\HelperBot.h" />
	<ClInclude Include="src\entities\MissileCarrier.h" />
	<ClInclude Include="src\entities\ReflectorGunship.h" />
    <ClInclude Include="src\entities\Player.h" />
    <ClInclude Include="src\gameplay\GameplaySession.h" />
    <ClInclude Include="src\gameplay\GameplayData.h" />
    <ClInclude Include="src\gameplay\Health.h" />
    <ClInclude Include="src\gameplay\Shield.h" />
    <ClInclude Include="src\gameplay\GameplayLaunch.h" />
    <ClInclude Include="src\gameplay\TutorialDirector.h" />
    <ClInclude Include="src\gameplay\WaveDirector.h" />
    <ClInclude Include="src\rendering\GameplayBackground.h" />
    <ClInclude Include="src\rendering\GameplayEffects.h" />
    <ClInclude Include="src\rendering\GameplayPostProcessor.h" />
    <ClInclude Include="src\rendering\ParticleSystem.h" />
    <ClInclude Include="src\core\GameVersion.h" />
    <ClInclude Include="src\utils\ConfigEnums.h" />
    <ClInclude Include="src\assets\Assets.h" />
    <ClInclude Include="src\app\Application.h" />
    <ClInclude Include="src\states\GameplayState.h" />
	<ClInclude Include="src\states\LevelSelectState.h" />
	<ClInclude Include="src\states\RecordsState.h" />
    <ClInclude Include="src\states\CompanySplashState.h" />
    <ClInclude Include="src\states\CampaignMenuState.h" />
    <ClInclude Include="src\states\MainMenuState.h" />
    <ClInclude Include="src\states\OptionsState.h" />
    <ClInclude Include="src\states\PauseState.h" />
    <ClInclude Include="src\states\State.h" />
    <ClInclude Include="src\states\StateId.h" />
    <ClInclude Include="src\states\StateStack.h" />
    <ClInclude Include="src\ui\HUD.h" />
    <ClInclude Include="src\ui\GlowingCursor.h" />
	<ClInclude Include="src\ui\LevelIntro.h" />
    <ClInclude Include="src\ui\MenuBackground.h" />
    <ClInclude Include="src\ui\MenuButton.h" />
    <ClInclude Include="src\ui\MenuIntroAnimation.h" />
    <ClInclude Include="src\ui\NeonGlow.h" />
    <ClInclude Include="src\ui\RoundedRectangleShape.h" />
    <ClInclude Include="src\ui\ScreenFade.h" />
    <ClInclude Include="src\ui\TextWarmup.h" />
    <ClInclude Include="src\ui\WaveIntro.h" />
    <ClInclude Include="src\ui\GameOverScreen.h" />
    <ClInclude Include="src\ui\ResultScreen.h" />
    <ClInclude Include="src\settings\GameSettings.h" />
    <ClInclude Include="src\settings\SettingsManager.h" />
    <ClInclude Include="libs\nlohmann\json.hpp" />
  </ItemGroup>
  <ItemGroup>
    <None Include="assets\shaders\bright_pass.frag" />
    <None Include="assets\shaders\gaussian_blur.frag" />
    <None Include="assets\shaders\hit_flash.frag" />
    <None Include="assets\shaders\scene_bright_pass.frag" />
    <None Include="assets\shaders\gameplay_post_process.frag" />
    <None Include="assets\shaders\menu_vignette.frag" />
	<None Include="assets\shaders\enemy_emission.frag" />
	<None Include="assets\shaders\player_emission.frag" />
    <None Include="assets\data\audio_balance.json" />
    <None Include="assets\data\gameplay\player.json" />
    <None Include="assets\data\gameplay\weapons.json" />
    <None Include="assets\data\gameplay\enemies.json" />
    <None Include="assets\data\gameplay\levels.json" />
	<None Include="assets\data\gameplay\effects.json" />
    <None Include="assets\data\gameplay\pickups.json" />
    <None Include="assets\sprites\pickups\health_pickup.png" />
    <None Include="assets\sprites\pickups\shield_pickup.png" />
    <None Include="assets\sprites\pickups\homing_bullets_pickup.png" />
	<None Include="assets\sprites\pickups\time_slowdown_pickup.png" />
    <None Include="assets\sprites\pickups\helper_bot_pickup_v1_9.png" />
	<None Include="assets\sprites\enemies\reflector_gunship_v1_9.png" />
    <None Include="assets\backgrounds\gameplay\blue_nebula_region.jpg" />
	<None Include="assets\backgrounds\gameplay\violet_clouds_region.jpg" />
	<None Include="assets\backgrounds\gameplay\asteroid_belt_region.jpg" />
	<None Include="assets\backgrounds\gameplay\red_storm_region.jpg" />
    <None Include="assets\backgrounds\gameplay\deep_void_region.jpg" />
	<None Include="assets\backgrounds\gameplay\emerald_aurora_region.jpg" />
	<None Include="assets\backgrounds\gameplay\rose_nursery_region.jpg" />
	<None Include="assets\backgrounds\gameplay\frozen_expanse_region.jpg" />
	<None Include="assets\backgrounds\gameplay\ion_storm_region.jpg" />
	<None Include="tests\PerformanceBenchmark.cpp" />
    <None Include="assets\sprites\player\ship_v1_4.png" />
    <None Include="assets\sprites\ui\hud\health_bar_frame.png" />
    <None Include="assets\sprites\ui\hud\health_bar_fill.png" />
    <None Include="assets\sprites\ui\hud\score_panel_frame.png" />
    <None Include="assets\sprites\ui\game_over\game_over_title_frame.png" />
    <None Include="assets\sprites\ui\results\result_title_frame.png" />
    <None Include="assets\sprites\ui\controls\xbox_ls.png" />
    <None Include="assets\sprites\ui\controls\xbox_rs.png" />
    <None Include="assets\sprites\ui\controls\xbox_rt.png" />
    <None Include="assets\sprites\ui\controls\xbox_dpad.png" />
    <None Include="assets\sprites\ui\controls\xbox_a.png" />
    <None Include="assets\sprites\ui\controls\xbox_b.png" />
    <None Include="assets\sprites\ui\controls\xbox_menu.png" />
    <None Include="assets\sprites\ui\controls\playstation_l.png" />
    <None Include="assets\sprites\ui\controls\playstation_r.png" />
    <None Include="assets\sprites\ui\controls\playstation_r2.png" />
    <None Include="assets\sprites\ui\controls\playstation_dpad.png" />
    <None Include="assets\sprites\ui\controls\playstation_cross.png" />
    <None Include="assets\sprites\ui\controls\playstation_circle.png" />
    <None Include="assets\sprites\ui\controls\playstation_options.png" />
    <None Include="assets\audio\sounds\game_over.ogg" />
    <None Include="libs\nlohmann\LICENSE.MIT" />
  </ItemGroup>
</Project>
